{
  "requires": true,
  "lockfileVersion": 1,
  "dependencies": {
    "next-seo": {
      "version": "6.5.0",
      "resolved": "https://registry.npmjs.org/next-seo/-/next-seo-6.5.0.tgz",
      "integrity": "sha512-MfzUeWTN/x/rsKp/1n0213eojO97lIl0unxqbeCY+6pAucViHDA8GSLRRcXpgjsSmBxfCFdfpu7LXbt4ANQoNQ=="
    }
  }
}
